// !$*UTF8*$!
{
	archiveVersion = 1;
	classes = {
	};
	objectVersion = 56;
	objects = {

/* Begin PBXBuildFile section */
		0014E1FF2C47AE0700A9576E /* CICDApp.swift in Sources */ = {isa = PBXBuildFile; fileRef = 0014E1FE2C47AE0700A9576E /* CICDApp.swift */; };
		0014E2012C47AE0700A9576E /* ContentView.swift in Sources */ = {isa = PBXBuildFile; fileRef = 0014E2002C47AE0700A9576E /* ContentView.swift */; };
		0014E2032C47AE0A00A9576E /* Assets.xcassets in Resources */ = {isa = PBXBuildFile; fileRef = 0014E2022C47AE0A00A9576E /* Assets.xcassets */; };
		0014E2062C47AE0A00A9576E /* Preview Assets.xcassets in Resources */ = {isa = PBXBuildFile; fileRef = 0014E2052C47AE0A00A9576E /* Preview Assets.xcassets */; };
		0014E2102C47AE0B00A9576E /* CICDTests.swift in Sources */ = {isa = PBXBuildFile; fileRef = 0014E20F2C47AE0B00A9576E /* CICDTests.swift */; };
		0014E21A2C47AE0B00A9576E /* CICDUITests.swift in Sources */ = {isa = PBXBuildFile; fileRef = 0014E2192C47AE0B00A9576E /* CICDUITests.swift */; };
		0014E21C2C47AE0B00A9576E /* CICDUITestsLaunchTests.swift in Sources */ = {isa = PBXBuildFile; fileRef = 0014E21B2C47AE0B00A9576E /* CICDUITestsLaunchTests.swift */; };
/* End PBXBuildFile section */

/* Begin PBXContainerItemProxy section */
		0014E20C2C47AE0B00A9576E /* PBXContainerItemProxy */ = {
			isa = PBXContainerItemProxy;
			containerPortal = 0014E1F32C47AE0600A9576E /* Project object */;
			proxyType = 1;
			remoteGlobalIDString = 0014E1FA2C47AE0700A9576E;
			remoteInfo = CICD;
		};
		0014E2162C47AE0B00A9576E /* PBXContainerItemProxy */ = {
			isa = PBXContainerItemProxy;
			containerPortal = 0014E1F32C47AE0600A9576E /* Project object */;
			proxyType = 1;
			remoteGlobalIDString = 0014E1FA2C47AE0700A9576E;
			remoteInfo = CICD;
		};
/* End PBXContainerItemProxy section */

/* Begin PBXFileReference section */
		0014E1FB2C47AE0700A9576E /* CICD.app */ = {isa = PBXFileReference; explicitFileType = wrapper.application; includeInIndex = 0; path = CICD.app; sourceTree = BUILT_PRODUCTS_DIR; };
		0014E1FE2C47AE0700A9576E /* CICDApp.swift */ = {isa = PBXFileReference; lastKnownFileType = sourcecode.swift; path = CICDApp.swift; sourceTree = "<group>"; };
		0014E2002C47AE0700A9576E /* ContentView.swift */ = {isa = PBXFileReference; lastKnownFileType = sourcecode.swift; path = ContentView.swift; sourceTree = "<group>"; };
		0014E2022C47AE0A00A9576E /* Assets.xcassets */ = {isa = PBXFileReference; lastKnownFileType = folder.assetcatalog; path = Assets.xcassets; sourceTree = "<group>"; };
		0014E2052C47AE0A00A9576E /* Preview Assets.xcassets */ = {isa = PBXFileReference; lastKnownFileType = folder.assetcatalog; path = "Preview Assets.xcassets"; sourceTree = "<group>"; };
		0014E20B2C47AE0B00A9576E /* CICDTests.xctest */ = {isa = PBXFileReference; explicitFileType = wrapper.cfbundle; includeInIndex = 0; path = CICDTests.xctest; sourceTree = BUILT_PRODUCTS_DIR; };
		0014E20F2C47AE0B00A9576E /* CICDTests.swift */ = {isa = PBXFileReference; lastKnownFileType = sourcecode.swift; path = CICDTests.swift; sourceTree = "<group>"; };
		0014E2152C47AE0B00A9576E /* CICDUITests.xctest */ = {isa = PBXFileReference; explicitFileType = wrapper.cfbundle; includeInIndex = 0; path = CICDUITests.xctest; sourceTree = BUILT_PRODUCTS_DIR; };
		0014E2192C47AE0B00A9576E /* CICDUITests.swift */ = {isa = PBXFileReference; lastKnownFileType = sourcecode.swift; path = CICDUITests.swift; sourceTree = "<group>"; };
		0014E21B2C47AE0B00A9576E /* CICDUITestsLaunchTests.swift */ = {isa = PBXFileReference; lastKnownFileType = sourcecode.swift; path = CICDUITestsLaunchTests.swift; sourceTree = "<group>"; };
/* End PBXFileReference section */

/* Begin PBXFrameworksBuildPhase section */
		0014E1F82C47AE0700A9576E /* Frameworks */ = {
			isa = PBXFrameworksBuildPhase;
			buildActionMask = 2147483647;
			files = (
			);
			runOnlyForDeploymentPostprocessing = 0;
		};
		0014E2082C47AE0B00A9576E /* Frameworks */ = {
			isa = PBXFrameworksBuildPhase;
			buildActionMask = 2147483647;
			files = (
			);
			runOnlyForDeploymentPostprocessing = 0;
		};
		0014E2122C47AE0B00A9576E /* Frameworks */ = {
			isa = PBXFrameworksBuildPhase;
			buildActionMask = 2147483647;
			files = (
			);
			runOnlyForDeploymentPostprocessing = 0;
		};
/* End PBXFrameworksBuildPhase section */

/* Begin PBXGroup section */
		0014E1F22C47AE0600A9576E = {
			isa = PBXGroup;
			children = (
				0014E1FD2C47AE0700A9576E /* CICD */,
				0014E20E2C47AE0B00A9576E /* CICDTests */,
				0014E2182C47AE0B00A9576E /* CICDUITests */,
				0014E1FC2C47AE0700A9576E /* Products */,
			);
			sourceTree = "<group>";
		};
		0014E1FC2C47AE0700A9576E /* Products */ = {
			isa = PBXGroup;
			children = (
				0014E1FB2C47AE0700A9576E /* CICD.app */,
				0014E20B2C47AE0B00A9576E /* CICDTests.xctest */,
				0014E2152C47AE0B00A9576E /* CICDUITests.xctest */,
			);
			name = Products;
			sourceTree = "<group>";
		};
		0014E1FD2C47AE0700A9576E /* CICD */ = {
			isa = PBXGroup;
			children = (
				0014E1FE2C47AE0700A9576E /* CICDApp.swift */,
				0014E2002C47AE0700A9576E /* ContentView.swift */,
				0014E2022C47AE0A00A9576E /* Assets.xcassets */,
				0014E2042C47AE0A00A9576E /* Preview Content */,
			);
			path = CICD;
			sourceTree = "<group>";
		};
		0014E2042C47AE0A00A9576E /* Preview Content */ = {
			isa = PBXGroup;
			children = (
				0014E2052C47AE0A00A9576E /* Preview Assets.xcassets */,
			);
			path = "Preview Content";
			sourceTree = "<group>";
		};
		0014E20E2C47AE0B00A9576E /* CICDTests */ = {
			isa = PBXGroup;
			children = (
				0014E20F2C47AE0B00A9576E /* CICDTests.swift */,
			);
			path = CICDTests;
			sourceTree = "<group>";
		};
		0014E2182C47AE0B00A9576E /* CICDUITests */ = {
			isa = PBXGroup;
			children = (
				0014E2192C47AE0B00A9576E /* CICDUITests.swift */,
				0014E21B2C47AE0B00A9576E /* CICDUITestsLaunchTests.swift */,
			);
			path = CICDUITests;
			sourceTree = "<group>";
		};
/* End PBXGroup section */

/* Begin PBXNativeTarget section */
		0014E1FA2C47AE0700A9576E /* CICD */ = {
			isa = PBXNativeTarget;
			buildConfigurationList = 0014E21F2C47AE0B00A9576E /* Build configuration list for PBXNativeTarget "CICD" */;
			buildPhases = (
				0014E1F72C47AE0700A9576E /* Sources */,
				0014E1F82C47AE0700A9576E /* Frameworks */,
				0014E1F92C47AE0700A9576E /* Resources */,
			);
			buildRules = (
			);
			dependencies = (
			);
			name = CICD;
			productName = CICD;
			productReference = 0014E1FB2C47AE0700A9576E /* CICD.app */;
			productType = "com.apple.product-type.application";
		};
		0014E20A2C47AE0B00A9576E /* CICDTests */ = {
			isa = PBXNativeTarget;
			buildConfigurationList = 0014E2222C47AE0B00A9576E /* Build configuration list for PBXNativeTarget "CICDTests" */;
			buildPhases = (
				0014E2072C47AE0B00A9576E /* Sources */,
				0014E2082C47AE0B00A9576E /* Frameworks */,
				0014E2092C47AE0B00A9576E /* Resources */,
			);
			buildRules = (
			);
			dependencies = (
				0014E20D2C47AE0B00A9576E /* PBXTargetDependency */,
			);
			name = CICDTests;
			productName = CICDTests;
			productReference = 0014E20B2C47AE0B00A9576E /* CICDTests.xctest */;
			productType = "com.apple.product-type.bundle.unit-test";
		};
		0014E2142C47AE0B00A9576E /* CICDUITests */ = {
			isa = PBXNativeTarget;
			buildConfigurationList = 0014E2252C47AE0B00A9576E /* Build configuration list for PBXNativeTarget "CICDUITests" */;
			buildPhases = (
				0014E2112C47AE0B00A9576E /* Sources */,
				0014E2122C47AE0B00A9576E /* Frameworks */,
				0014E2132C47AE0B00A9576E /* Resources */,
			);
			buildRules = (
			);
			dependencies = (
				0014E2172C47AE0B00A9576E /* PBXTargetDependency */,
			);
			name = CICDUITests;
			productName = CICDUITests;
			productReference = 0014E2152C47AE0B00A9576E /* CICDUITests.xctest */;
			productType = "com.apple.product-type.bundle.ui-testing";
		};
/* End PBXNativeTarget section */

/* Begin PBXProject section */
		0014E1F32C47AE0600A9576E /* Project object */ = {
			isa = PBXProject;
			attributes = {
				BuildIndependentTargetsInParallel = 1;
				LastSwiftUpdateCheck = 1540;
				LastUpgradeCheck = 1540;
				TargetAttributes = {
					0014E1FA2C47AE0700A9576E = {
						CreatedOnToolsVersion = 15.4;
					};
					0014E20A2C47AE0B00A9576E = {
						CreatedOnToolsVersion = 15.4;
						TestTargetID = 0014E1FA2C47AE0700A9576E;
					};
					0014E2142C47AE0B00A9576E = {
						CreatedOnToolsVersion = 15.4;
						TestTargetID = 0014E1FA2C47AE0700A9576E;
					};
				};
			};
			buildConfigurationList = 0014E1F62C47AE0600A9576E /* Build configuration list for PBXProject "CICD" */;
			compatibilityVersion = "Xcode 14.0";
			developmentRegion = en;
			hasScannedForEncodings = 0;
			knownRegions = (
				en,
				Base,
			);
			mainGroup = 0014E1F22C47AE0600A9576E;
			productRefGroup = 0014E1FC2C47AE0700A9576E /* Products */;
			projectDirPath = "";
			projectRoot = "";
			targets = (
				0014E1FA2C47AE0700A9576E /* CICD */,
				0014E20A2C47AE0B00A9576E /* CICDTests */,
				0014E2142C47AE0B00A9576E /* CICDUITests */,
			);
		};
/* End PBXProject section */

/* Begin PBXResourcesBuildPhase section */
		0014E1F92C47AE0700A9576E /* Resources */ = {
			isa = PBXResourcesBuildPhase;
			buildActionMask = 2147483647;
			files = (
				0014E2062C47AE0A00A9576E /* Preview Assets.xcassets in Resources */,
				0014E2032C47AE0A00A9576E /* Assets.xcassets in Resources */,
			);
			runOnlyForDeploymentPostprocessing = 0;
		};
		0014E2092C47AE0B00A9576E /* Resources */ = {
			isa = PBXResourcesBuildPhase;
			buildActionMask = 2147483647;
			files = (
			);
			runOnlyForDeploymentPostprocessing = 0;
		};
		0014E2132C47AE0B00A9576E /* Resources */ = {
			isa = PBXResourcesBuildPhase;
			buildActionMask = 2147483647;
			files = (
			);
			runOnlyForDeploymentPostprocessing = 0;
		};
/* End PBXResourcesBuildPhase section */

/* Begin PBXSourcesBuildPhase section */
		0014E1F72C47AE0700A9576E /* Sources */ = {
			isa = PBXSourcesBuildPhase;
			buildActionMask = 2147483647;
			files = (
				0014E2012C47AE0700A9576E /* ContentView.swift in Sources */,
				0014E1FF2C47AE0700A9576E /* CICDApp.swift in Sources */,
			);
			runOnlyForDeploymentPostprocessing = 0;
		};
		0014E2072C47AE0B00A9576E /* Sources */ = {
			isa = PBXSourcesBuildPhase;
			buildActionMask = 2147483647;
			files = (
				0014E2102C47AE0B00A9576E /* CICDTests.swift in Sources */,
			);
			runOnlyForDeploymentPostprocessing = 0;
		};
		0014E2112C47AE0B00A9576E /* Sources */ = {
			isa = PBXSourcesBuildPhase;
			buildActionMask = 2147483647;
			files = (
				0014E21A2C47AE0B00A9576E /* CICDUITests.swift in Sources */,
				0014E21C2C47AE0B00A9576E /* CICDUITestsLaunchTests.swift in Sources */,
			);
			runOnlyForDeploymentPostprocessing = 0;
		};
/* End PBXSourcesBuildPhase section */

/* Begin PBXTargetDependency section */
		0014E20D2C47AE0B00A9576E /* PBXTargetDependency */ = {
			isa = PBXTargetDependency;
			target = 0014E1FA2C47AE0700A9576E /* CICD */;
			targetProxy = 0014E20C2C47AE0B00A9576E /* PBXContainerItemProxy */;
		};
		0014E2172C47AE0B00A9576E /* PBXTargetDependency */ = {
			isa = PBXTargetDependency;
			target = 0014E1FA2C47AE0700A9576E /* CICD */;
			targetProxy = 0014E2162C47AE0B00A9576E /* PBXContainerItemProxy */;
		};
/* End PBXTargetDependency section */

/* Begin XCBuildConfiguration section */
		0014E21D2C47AE0B00A9576E /* Debug */ = {
			isa = XCBuildConfiguration;
			buildSettings = {
				ALWAYS_SEARCH_USER_PATHS = NO;
				ASSETCATALOG_COMPILER_GENERATE_SWIFT_ASSET_SYMBOL_EXTENSIONS = YES;
				CLANG_ANALYZER_NONNULL = YES;
				CLANG_ANALYZER_NUMBER_OBJECT_CONVERSION = YES_AGGRESSIVE;
				CLANG_CXX_LANGUAGE_STANDARD = "gnu++20";
				CLANG_ENABLE_MODULES = YES;
				CLANG_ENABLE_OBJC_ARC = YES;
				CLANG_ENABLE_OBJC_WEAK = YES;
				CLANG_WARN_BLOCK_CAPTURE_AUTORELEASING = YES;
				CLANG_WARN_BOOL_CONVERSION = YES;
				CLANG_WARN_COMMA = YES;
				CLANG_WARN_CONSTANT_CONVERSION = YES;
				CLANG_WARN_DEPRECATED_OBJC_IMPLEMENTATIONS = YES;
				CLANG_WARN_DIRECT_OBJC_ISA_USAGE = YES_ERROR;
				CLANG_WARN_DOCUMENTATION_COMMENTS = YES;
				CLANG_WARN_EMPTY_BODY = YES;
				CLANG_WARN_ENUM_CONVERSION = YES;
				CLANG_WARN_INFINITE_RECURSION = YES;
				CLANG_WARN_INT_CONVERSION = YES;
				CLANG_WARN_NON_LITERAL_NULL_CONVERSION = YES;
				CLANG_WARN_OBJC_IMPLICIT_RETAIN_SELF = YES;
				CLANG_WARN_OBJC_LITERAL_CONVERSION = YES;
				CLANG_WARN_OBJC_ROOT_CLASS = YES_ERROR;
				CLANG_WARN_QUOTED_INCLUDE_IN_FRAMEWORK_HEADER = YES;
				CLANG_WARN_RANGE_LOOP_ANALYSIS = YES;
				CLANG_WARN_STRICT_PROTOTYPES = YES;
				CLANG_WARN_SUSPICIOUS_MOVE = YES;
				CLANG_WARN_UNGUARDED_AVAILABILITY = YES_AGGRESSIVE;
				CLANG_WARN_UNREACHABLE_CODE = YES;
				CLANG_WARN__DUPLICATE_METHOD_MATCH = YES;
				COPY_PHASE_STRIP = NO;
				DEBUG_INFORMATION_FORMAT = dwarf;
				ENABLE_STRICT_OBJC_MSGSEND = YES;
				ENABLE_TESTABILITY = YES;
				ENABLE_USER_SCRIPT_SANDBOXING = YES;
				GCC_C_LANGUAGE_STANDARD = gnu17;
				GCC_DYNAMIC_NO_PIC = NO;
				GCC_NO_COMMON_BLOCKS = YES;
				GCC_OPTIMIZATION_LEVEL = 0;
				GCC_PREPROCESSOR_DEFINITIONS = (
					"DEBUG=1",
					"$(inherited)",
				);
				GCC_WARN_64_TO_32_BIT_CONVERSION = YES;
				GCC_WARN_ABOUT_RETURN_TYPE = YES_ERROR;
				GCC_WARN_UNDECLARED_SELECTOR = YES;
				GCC_WARN_UNINITIALIZED_AUTOS = YES_AGGRESSIVE;
				GCC_WARN_UNUSED_FUNCTION = YES;
				GCC_WARN_UNUSED_VARIABLE = YES;
				IPHONEOS_DEPLOYMENT_TARGET = 17.5;
				LOCALIZATION_PREFERS_STRING_CATALOGS = YES;
				MTL_ENABLE_DEBUG_INFO = INCLUDE_SOURCE;
				MTL_FAST_MATH = YES;
				ONLY_ACTIVE_ARCH = YES;
				SDKROOT = iphoneos;
				SWIFT_ACTIVE_COMPILATION_CONDITIONS = "DEBUG $(inherited)";
				SWIFT_OPTIMIZATION_LEVEL = "-Onone";
			};
			name = Debug;
		};
		0014E21E2C47AE0B00A9576E /* Release */ = {
			isa = XCBuildConfiguration;
			buildSettings = {
				ALWAYS_SEARCH_USER_PATHS = NO;
				ASSETCATALOG_COMPILER_GENERATE_SWIFT_ASSET_SYMBOL_EXTENSIONS = YES;
				CLANG_ANALYZER_NONNULL = YES;
				CLANG_ANALYZER_NUMBER_OBJECT_CONVERSION = YES_AGGRESSIVE;
				CLANG_CXX_LANGUAGE_STANDARD = "gnu++20";
				CLANG_ENABLE_MODULES = YES;
				CLANG_ENABLE_OBJC_ARC = YES;
				CLANG_ENABLE_OBJC_WEAK = YES;
				CLANG_WARN_BLOCK_CAPTURE_AUTORELEASING = YES;
				CLANG_WARN_BOOL_CONVERSION = YES;
				CLANG_WARN_COMMA = YES;
				CLANG_WARN_CONSTANT_CONVERSION = YES;
				CLANG_WARN_DEPRECATED_OBJC_IMPLEMENTATIONS = YES;
				CLANG_WARN_DIRECT_OBJC_ISA_USAGE = YES_ERROR;
				CLANG_WARN_DOCUMENTATION_COMMENTS = YES;
				CLANG_WARN_EMPTY_BODY = YES;
				CLANG_WARN_ENUM_CONVERSION = YES;
				CLANG_WARN_INFINITE_RECURSION = YES;
				CLANG_WARN_INT_CONVERSION = YES;
				CLANG_WARN_NON_LITERAL_NULL_CONVERSION = YES;
				CLANG_WARN_OBJC_IMPLICIT_RETAIN_SELF = YES;
				CLANG_WARN_OBJC_LITERAL_CONVERSION = YES;
				CLANG_WARN_OBJC_ROOT_CLASS = YES_ERROR;
				CLANG_WARN_QUOTED_INCLUDE_IN_FRAMEWORK_HEADER = YES;
				CLANG_WARN_RANGE_LOOP_ANALYSIS = YES;
				CLANG_WARN_STRICT_PROTOTYPES = YES;
				CLANG_WARN_SUSPICIOUS_MOVE = YES;
				CLANG_WARN_UNGUARDED_AVAILABILITY = YES_AGGRESSIVE;
				CLANG_WARN_UNREACHABLE_CODE = YES;
				CLANG_WARN__DUPLICATE_METHOD_MATCH = YES;
				COPY_PHASE_STRIP = NO;
				DEBUG_INFORMATION_FORMAT = "dwarf-with-dsym";
				ENABLE_NS_ASSERTIONS = NO;
				ENABLE_STRICT_OBJC_MSGSEND = YES;
				ENABLE_USER_SCRIPT_SANDBOXING = YES;
				GCC_C_LANGUAGE_STANDARD = gnu17;
				GCC_NO_COMMON_BLOCKS = YES;
				GCC_WARN_64_TO_32_BIT_CONVERSION = YES;
				GCC_WARN_ABOUT_RETURN_TYPE = YES_ERROR;
				GCC_WARN_UNDECLARED_SELECTOR = YES;
				GCC_WARN_UNINITIALIZED_AUTOS = YES_AGGRESSIVE;
				GCC_WARN_UNUSED_FUNCTION = YES;
				GCC_WARN_UNUSED_VARIABLE = YES;
				IPHONEOS_DEPLOYMENT_TARGET = 17.5;
				LOCALIZATION_PREFERS_STRING_CATALOGS = YES;
				MTL_ENABLE_DEBUG_INFO = NO;
				MTL_FAST_MATH = YES;
				SDKROOT = iphoneos;
				SWIFT_COMPILATION_MODE = wholemodule;
				VALIDATE_PRODUCT = YES;
			};
			name = Release;
		};
		0014E2202C47AE0B00A9576E /* Debug */ = {
			isa = XCBuildConfiguration;
			buildSettings = {
				ASSETCATALOG_COMPILER_APPICON_NAME = AppIcon;
				ASSETCATALOG_COMPILER_GLOBAL_ACCENT_COLOR_NAME = AccentColor;
				CODE_SIGN_STYLE = Automatic;
				CURRENT_PROJECT_VERSION = 1;
				DEVELOPMENT_ASSET_PATHS = "\"CICD/Preview Content\"";
				ENABLE_PREVIEWS = YES;
				GENERATE_INFOPLIST_FILE = YES;
				INFOPLIST_KEY_UIApplicationSceneManifest_Generation = YES;
				INFOPLIST_KEY_UIApplicationSupportsIndirectInputEvents = YES;
				INFOPLIST_KEY_UILaunchScreen_Generation = YES;
				INFOPLIST_KEY_UISupportedInterfaceOrientations_iPad = "UIInterfaceOrientationPortrait UIInterfaceOrientationPortraitUpsideDown UIInterfaceOrientationLandscapeLeft UIInterfaceOrientationLandscapeRight";
				INFOPLIST_KEY_UISupportedInterfaceOrientations_iPhone = "UIInterfaceOrientationPortrait UIInterfaceOrientationLandscapeLeft UIInterfaceOrientationLandscapeRight";
				LD_RUNPATH_SEARCH_PATHS = (
					"$(inherited)",
					"@executable_path/Frameworks",
				);
				MARKETING_VERSION = 1.0;
				PRODUCT_BUNDLE_IDENTIFIER = maizer.CICD;
				PRODUCT_NAME = "$(TARGET_NAME)";
				SWIFT_EMIT_LOC_STRINGS = YES;
				SWIFT_VERSION = 5.0;
				TARGETED_DEVICE_FAMILY = "1,2";
			};
			name = Debug;
		};
		0014E2212C47AE0B00A9576E /* Release */ = {
			isa = XCBuildConfiguration;
			buildSettings = {
				ASSETCATALOG_COMPILER_APPICON_NAME = AppIcon;
				ASSETCATALOG_COMPILER_GLOBAL_ACCENT_COLOR_NAME = AccentColor;
				CODE_SIGN_STYLE = Automatic;
				CURRENT_PROJECT_VERSION = 1;
				DEVELOPMENT_ASSET_PATHS = "\"CICD/Preview Content\"";
				ENABLE_PREVIEWS = YES;
				GENERATE_INFOPLIST_FILE = YES;
				INFOPLIST_KEY_UIApplicationSceneManifest_Generation = YES;
				INFOPLIST_KEY_UIApplicationSupportsIndirectInputEvents = YES;
				INFOPLIST_KEY_UILaunchScreen_Generation = YES;
				INFOPLIST_KEY_UISupportedInterfaceOrientations_iPad = "UIInterfaceOrientationPortrait UIInterfaceOrientationPortraitUpsideDown UIInterfaceOrientationLandscapeLeft UIInterfaceOrientationLandscapeRight";
				INFOPLIST_KEY_UISupportedInterfaceOrientations_iPhone = "UIInterfaceOrientationPortrait UIInterfaceOrientationLandscapeLeft UIInterfaceOrientationLandscapeRight";
				LD_RUNPATH_SEARCH_PATHS = (
					"$(inherited)",
					"@executable_path/Frameworks",
				);
				MARKETING_VERSION = 1.0;
				PRODUCT_BUNDLE_IDENTIFIER = maizer.CICD;
				PRODUCT_NAME = "$(TARGET_NAME)";
				SWIFT_EMIT_LOC_STRINGS = YES;
				SWIFT_VERSION = 5.0;
				TARGETED_DEVICE_FAMILY = "1,2";
			};
			name = Release;
		};
		0014E2232C47AE0B00A9576E /* Debug */ = {
			isa = XCBuildConfiguration;
			buildSettings = {
				ALWAYS_EMBED_SWIFT_STANDARD_LIBRARIES = YES;
				BUNDLE_LOADER = "$(TEST_HOST)";
				CODE_SIGN_STYLE = Automatic;
				CURRENT_PROJECT_VERSION = 1;
				GENERATE_INFOPLIST_FILE = YES;
				IPHONEOS_DEPLOYMENT_TARGET = 17.5;
				MARKETING_VERSION = 1.0;
				PRODUCT_BUNDLE_IDENTIFIER = maizer.CICDTests;
				PRODUCT_NAME = "$(TARGET_NAME)";
				SWIFT_EMIT_LOC_STRINGS = NO;
				SWIFT_VERSION = 5.0;
				TARGETED_DEVICE_FAMILY = "1,2";
				TEST_HOST = "$(BUILT_PRODUCTS_DIR)/CICD.app/$(BUNDLE_EXECUTABLE_FOLDER_PATH)/CICD";
			};
			name = Debug;
		};
		0014E2242C47AE0B00A9576E /* Release */ = {
			isa = XCBuildConfiguration;
			buildSettings = {
				ALWAYS_EMBED_SWIFT_STANDARD_LIBRARIES = YES;
				BUNDLE_LOADER = "$(TEST_HOST)";
				CODE_SIGN_STYLE = Automatic;
				CURRENT_PROJECT_VERSION = 1;
				GENERATE_INFOPLIST_FILE = YES;
				IPHONEOS_DEPLOYMENT_TARGET = 17.5;
				MARKETING_VERSION = 1.0;
				PRODUCT_BUNDLE_IDENTIFIER = maizer.CICDTests;
				PRODUCT_NAME = "$(TARGET_NAME)";
				SWIFT_EMIT_LOC_STRINGS = NO;
				SWIFT_VERSION = 5.0;
				TARGETED_DEVICE_FAMILY = "1,2";
				TEST_HOST = "$(BUILT_PRODUCTS_DIR)/CICD.app/$(BUNDLE_EXECUTABLE_FOLDER_PATH)/CICD";
			};
			name = Release;
		};
		0014E2262C47AE0B00A9576E /* Debug */ = {
			isa = XCBuildConfiguration;
			buildSettings = {
				ALWAYS_EMBED_SWIFT_STANDARD_LIBRARIES = YES;
				CODE_SIGN_STYLE = Automatic;
				CURRENT_PROJECT_VERSION = 1;
				GENERATE_INFOPLIST_FILE = YES;
				MARKETING_VERSION = 1.0;
				PRODUCT_BUNDLE_IDENTIFIER = maizer.CICDUITests;
				PRODUCT_NAME = "$(TARGET_NAME)";
				SWIFT_EMIT_LOC_STRINGS = NO;
				SWIFT_VERSION = 5.0;
				TARGETED_DEVICE_FAMILY = "1,2";
				TEST_TARGET_NAME = CICD;
			};
			name = Debug;
		};
		0014E2272C47AE0B00A9576E /* Release */ = {
			isa = XCBuildConfiguration;
			buildSettings = {
				ALWAYS_EMBED_SWIFT_STANDARD_LIBRARIES = YES;
				CODE_SIGN_STYLE = Automatic;
				CURRENT_PROJECT_VERSION = 1;
				GENERATE_INFOPLIST_FILE = YES;
				MARKETING_VERSION = 1.0;
				PRODUCT_BUNDLE_IDENTIFIER = maizer.CICDUITests;
				PRODUCT_NAME = "$(TARGET_NAME)";
				SWIFT_EMIT_LOC_STRINGS = NO;
				SWIFT_VERSION = 5.0;
				TARGETED_DEVICE_FAMILY = "1,2";
				TEST_TARGET_NAME = CICD;
			};
			name = Release;
		};
/* End XCBuildConfiguration section */

/* Begin XCConfigurationList section */
		0014E1F62C47AE0600A9576E /* Build configuration list for PBXProject "CICD" */ = {
			isa = XCConfigurationList;
			buildConfigurations = (
				0014E21D2C47AE0B00A9576E /* Debug */,
				0014E21E2C47AE0B00A9576E /* Release */,
			);
			defaultConfigurationIsVisible = 0;
			defaultConfigurationName = Release;
		};
		0014E21F2C47AE0B00A9576E /* Build configuration list for PBXNativeTarget "CICD" */ = {
			isa = XCConfigurationList;
			buildConfigurations = (
				0014E2202C47AE0B00A9576E /* Debug */,
				0014E2212C47AE0B00A9576E /* Release */,
			);
			defaultConfigurationIsVisible = 0;
			defaultConfigurationName = Release;
		};
		0014E2222C47AE0B00A9576E /* Build configuration list for PBXNativeTarget "CICDTests" */ = {
			isa = XCConfigurationList;
			buildConfigurations = (
				0014E2232C47AE0B00A9576E /* Debug */,
				0014E2242C47AE0B00A9576E /* Release */,
			);
			defaultConfigurationIsVisible = 0;
			defaultConfigurationName = Release;
		};
		0014E2252C47AE0B00A9576E /* Build configuration list for PBXNativeTarget "CICDUITests" */ = {
			isa = XCConfigurationList;
			buildConfigurations = (
				0014E2262C47AE0B00A9576E /* Debug */,
				0014E2272C47AE0B00A9576E /* Release */,
			);
			defaultConfigurationIsVisible = 0;
			defaultConfigurationName = Release;
		};
/* End XCConfigurationList section */
	};
	rootObject = 0014E1F32C47AE0600A9576E /* Project object */;
}
